
Microsoft Visual Studio Solution File, Format Version 12.00
# Visual Studio Version 17
VisualStudioVersion = 17.7.34024.191
MinimumVisualStudioVersion = 10.0.40219.1
Project("{FAE04EC0-301F-11D3-BF4B-00C04F79EFBC}") = "Task_1", "Task_1\Task_1.csproj", "{0A283C68-8EB8-422B-BC14-77238C1E3194}"
EndProject
Project("{FAE04EC0-301F-11D3-BF4B-00C04F79EFBC}") = "Task_2", "Task_2\Task_2.csproj", "{96C7EC5F-C9E9-4695-87D3-7551F5FE35F6}"
EndProject
Global
	GlobalSection(SolutionConfigurationPlatforms) = preSolution
		Debug|Any CPU = Debug|Any CPU
		Release|Any CPU = Release|Any CPU
	EndGlobalSection
	GlobalSection(ProjectConfigurationPlatforms) = postSolution
		{0A283C68-8EB8-422B-BC14-77238C1E3194}.Debug|Any CPU.ActiveCfg = Debug|Any CPU
		{0A283C68-8EB8-422B-BC14-77238C1E3194}.Debug|Any CPU.Build.0 = Debug|Any CPU
		{0A283C68-8EB8-422B-BC14-77238C1E3194}.Release|Any CPU.ActiveCfg = Release|Any CPU
		{0A283C68-8EB8-422B-BC14-77238C1E3194}.Release|Any CPU.Build.0 = Release|Any CPU
		{96C7EC5F-C9E9-4695-87D3-7551F5FE35F6}.Debug|Any CPU.ActiveCfg = Debug|Any CPU
		{96C7EC5F-C9E9-4695-87D3-7551F5FE35F6}.Debug|Any CPU.Build.0 = Debug|Any CPU
		{96C7EC5F-C9E9-4695-87D3-7551F5FE35F6}.Release|Any CPU.ActiveCfg = Release|Any CPU
		{96C7EC5F-C9E9-4695-87D3-7551F5FE35F6}.Release|Any CPU.Build.0 = Release|Any CPU
	EndGlobalSection
	GlobalSection(SolutionProperties) = preSolution
		HideSolutionNode = FALSE
	EndGlobalSection
	GlobalSection(ExtensibilityGlobals) = postSolution
		SolutionGuid = {1427A2B9-5380-4ADD-88EF-5B3926F1698A}
	EndGlobalSection
EndGlobal
